// !$*UTF8*$!
{
	archiveVersion = 1;
	classes = {
	};
	objectVersion = 50;
	objects = {

/* Begin PBXBuildFile section */
		0040D1FF257DC00700BD35D3 /* ItemCardView.swift in Sources */ = {isa = PBXBuildFile; fileRef = 0040D1FE257DC00700BD35D3 /* ItemCardView.swift */; };
		006C08002580BDCD0068679A /* AspectsStates+CoreDataClass.swift in Sources */ = {isa = PBXBuildFile; fileRef = 006C07FA2580BDCC0068679A /* AspectsStates+CoreDataClass.swift */; };
		006C08022580BDCD0068679A /* AspectsPoints+CoreDataClass.swift in Sources */ = {isa = PBXBuildFile; fileRef = 006C07FC2580BDCC0068679A /* AspectsPoints+CoreDataClass.swift */; };
		006C08042580BDCD0068679A /* AspectsAttributes+CoreDataClass.swift in Sources */ = {isa = PBXBuildFile; fileRef = 006C07FE2580BDCD0068679A /* AspectsAttributes+CoreDataClass.swift */; };
		006C080E2580F5A50068679A /* Aspects+CoreDataClass.swift in Sources */ = {isa = PBXBuildFile; fileRef = 006C080C2580F5A50068679A /* Aspects+CoreDataClass.swift */; };
		00E630AA256FD73D00D397C0 /* AdditionCardView.swift in Sources */ = {isa = PBXBuildFile; fileRef = 00E630A9256FD73D00D397C0 /* AdditionCardView.swift */; };
		00E630B2256FD95C00D397C0 /* CombatViewController.swift in Sources */ = {isa = PBXBuildFile; fileRef = 00E630B1256FD95C00D397C0 /* CombatViewController.swift */; };
		00E630BA256FDB4800D397C0 /* DashedBorder.swift in Sources */ = {isa = PBXBuildFile; fileRef = 00E630B9256FDB4800D397C0 /* DashedBorder.swift */; };
		2E7F676F2570556200976C85 /* EditProfileModal.swift in Sources */ = {isa = PBXBuildFile; fileRef = 2E7F676E2570556200976C85 /* EditProfileModal.swift */; };
		2E7F67772570570D00976C85 /* ProfileViewController.swift in Sources */ = {isa = PBXBuildFile; fileRef = 2E7F67762570570D00976C85 /* ProfileViewController.swift */; };
		2E7F677F2571364800976C85 /* EditModalComponent.swift in Sources */ = {isa = PBXBuildFile; fileRef = 2E7F677E2571364800976C85 /* EditModalComponent.swift */; };
		2E7F67872575195400976C85 /* EditCombatModal.swift in Sources */ = {isa = PBXBuildFile; fileRef = 2E7F67862575195400976C85 /* EditCombatModal.swift */; };
		2E7F678C25751F6F00976C85 /* NewItemModal.swift in Sources */ = {isa = PBXBuildFile; fileRef = 2E7F678B25751F6F00976C85 /* NewItemModal.swift */; };
		2E7F6791257524A000976C85 /* EditItemModal.swift in Sources */ = {isa = PBXBuildFile; fileRef = 2E7F6790257524A000976C85 /* EditItemModal.swift */; };
		2E7F67962575256700976C85 /* NewWeaponModal.swift in Sources */ = {isa = PBXBuildFile; fileRef = 2E7F67952575256700976C85 /* NewWeaponModal.swift */; };
		2E7F679B2575282200976C85 /* EditWeaponModal.swift in Sources */ = {isa = PBXBuildFile; fileRef = 2E7F679A2575282200976C85 /* EditWeaponModal.swift */; };
		2E7F67A025752D8500976C85 /* NewSkillModal.swift in Sources */ = {isa = PBXBuildFile; fileRef = 2E7F679F25752D8500976C85 /* NewSkillModal.swift */; };
		2E7F67A525753BBB00976C85 /* EditHistoricModal.swift in Sources */ = {isa = PBXBuildFile; fileRef = 2E7F67A425753BBB00976C85 /* EditHistoricModal.swift */; };
		2E7F67AA257567A100976C85 /* NewInvestigatorModal.swift in Sources */ = {isa = PBXBuildFile; fileRef = 2E7F67A9257567A100976C85 /* NewInvestigatorModal.swift */; };
		2E7F67CD257685DE00976C85 /* InvestigatorCollectionViewCell.swift in Sources */ = {isa = PBXBuildFile; fileRef = 2E7F67CC257685DE00976C85 /* InvestigatorCollectionViewCell.swift */; };
		2E7F67D82577BB0600976C85 /* ProfileComponent.swift in Sources */ = {isa = PBXBuildFile; fileRef = 2E7F67D72577BB0600976C85 /* ProfileComponent.swift */; };
		2E7F67E6257BB9E100976C85 /* EditSkillModal.swift in Sources */ = {isa = PBXBuildFile; fileRef = 2E7F67E5257BB9E100976C85 /* EditSkillModal.swift */; };
		2E7F67F5257E599A00976C85 /* Historic+CoreDataClass.swift in Sources */ = {isa = PBXBuildFile; fileRef = 2E7F67F3257E599A00976C85 /* Historic+CoreDataClass.swift */; };
		2E7F680A257E626800976C85 /* HistoricPresenter.swift in Sources */ = {isa = PBXBuildFile; fileRef = 2E7F6809257E626800976C85 /* HistoricPresenter.swift */; };
		2E7F6818257E9DC800976C85 /* ProfilePresenter.swift in Sources */ = {isa = PBXBuildFile; fileRef = 2E7F6817257E9DC800976C85 /* ProfilePresenter.swift */; };
		2E7F6821257E9F8100976C85 /* Profile+CoreDataClass.swift in Sources */ = {isa = PBXBuildFile; fileRef = 2E7F681F257E9F8100976C85 /* Profile+CoreDataClass.swift */; };
		2EF1EED42567EDE300BE0644 /* AppDelegate.swift in Sources */ = {isa = PBXBuildFile; fileRef = 2EF1EED32567EDE300BE0644 /* AppDelegate.swift */; };
		2EF1EED62567EDE300BE0644 /* SceneDelegate.swift in Sources */ = {isa = PBXBuildFile; fileRef = 2EF1EED52567EDE300BE0644 /* SceneDelegate.swift */; };
		2EF1EEDE2567EDE300BE0644 /* DeepSheet.xcdatamodeld in Sources */ = {isa = PBXBuildFile; fileRef = 2EF1EEDC2567EDE300BE0644 /* DeepSheet.xcdatamodeld */; };
		2EF1EEE02567EDE400BE0644 /* Assets.xcassets in Resources */ = {isa = PBXBuildFile; fileRef = 2EF1EEDF2567EDE400BE0644 /* Assets.xcassets */; };
		2EF1EEE32567EDE400BE0644 /* LaunchScreen.storyboard in Resources */ = {isa = PBXBuildFile; fileRef = 2EF1EEE12567EDE400BE0644 /* LaunchScreen.storyboard */; };
		2EF1EEEE2567EDE400BE0644 /* DeepSheetTests.swift in Sources */ = {isa = PBXBuildFile; fileRef = 2EF1EEED2567EDE400BE0644 /* DeepSheetTests.swift */; };
		2EF1EEF92567EDE400BE0644 /* DeepSheetUITests.swift in Sources */ = {isa = PBXBuildFile; fileRef = 2EF1EEF82567EDE400BE0644 /* DeepSheetUITests.swift */; };
		2EF1EF142567F13500BE0644 /* .swiftlint.yml in Resources */ = {isa = PBXBuildFile; fileRef = 2EF1EF132567F13500BE0644 /* .swiftlint.yml */; };
		2EF1EF1D2567F33300BE0644 /* CustomColors.swift in Sources */ = {isa = PBXBuildFile; fileRef = 2EF1EF1C2567F33300BE0644 /* CustomColors.swift */; };
		2EF1EF232567F3A700BE0644 /* CharacteristicView.swift in Sources */ = {isa = PBXBuildFile; fileRef = 2EF1EF222567F3A700BE0644 /* CharacteristicView.swift */; };
		2EF1EF2B2567F3CA00BE0644 /* AttributesView.swift in Sources */ = {isa = PBXBuildFile; fileRef = 2EF1EF2A2567F3CA00BE0644 /* AttributesView.swift */; };
		2EF1EF362567F6E400BE0644 /* .gitignore in Resources */ = {isa = PBXBuildFile; fileRef = 2EF1EF352567F6E400BE0644 /* .gitignore */; };
		2EF1EF462567F84500BE0644 /* CloudKit.framework in Frameworks */ = {isa = PBXBuildFile; fileRef = 2EF1EF452567F84500BE0644 /* CloudKit.framework */; };
		2EF1EF6425680FE500BE0644 /* JosefinSans-BoldItalic.ttf in Resources */ = {isa = PBXBuildFile; fileRef = 2EF1EF5625680FE500BE0644 /* JosefinSans-BoldItalic.ttf */; };
		2EF1EF6525680FE500BE0644 /* JosefinSans-BoldItalic.ttf in Resources */ = {isa = PBXBuildFile; fileRef = 2EF1EF5625680FE500BE0644 /* JosefinSans-BoldItalic.ttf */; };
		2EF1EF6625680FE500BE0644 /* JosefinSans-BoldItalic.ttf in Resources */ = {isa = PBXBuildFile; fileRef = 2EF1EF5625680FE500BE0644 /* JosefinSans-BoldItalic.ttf */; };
		2EF1EF6725680FE500BE0644 /* JosefinSans-Light.ttf in Resources */ = {isa = PBXBuildFile; fileRef = 2EF1EF5725680FE500BE0644 /* JosefinSans-Light.ttf */; };
		2EF1EF6825680FE500BE0644 /* JosefinSans-Light.ttf in Resources */ = {isa = PBXBuildFile; fileRef = 2EF1EF5725680FE500BE0644 /* JosefinSans-Light.ttf */; };
		2EF1EF6925680FE500BE0644 /* JosefinSans-Light.ttf in Resources */ = {isa = PBXBuildFile; fileRef = 2EF1EF5725680FE500BE0644 /* JosefinSans-Light.ttf */; };
		2EF1EF6A25680FE500BE0644 /* JosefinSans-Medium.ttf in Resources */ = {isa = PBXBuildFile; fileRef = 2EF1EF5825680FE500BE0644 /* JosefinSans-Medium.ttf */; };
		2EF1EF6B25680FE500BE0644 /* JosefinSans-Medium.ttf in Resources */ = {isa = PBXBuildFile; fileRef = 2EF1EF5825680FE500BE0644 /* JosefinSans-Medium.ttf */; };
		2EF1EF6C25680FE500BE0644 /* JosefinSans-Medium.ttf in Resources */ = {isa = PBXBuildFile; fileRef = 2EF1EF5825680FE500BE0644 /* JosefinSans-Medium.ttf */; };
		2EF1EF6D25680FE500BE0644 /* JosefinSans-ExtraLightItalic.ttf in Resources */ = {isa = PBXBuildFile; fileRef = 2EF1EF5925680FE500BE0644 /* JosefinSans-ExtraLightItalic.ttf */; };
		2EF1EF6E25680FE500BE0644 /* JosefinSans-ExtraLightItalic.ttf in Resources */ = {isa = PBXBuildFile; fileRef = 2EF1EF5925680FE500BE0644 /* JosefinSans-ExtraLightItalic.ttf */; };
		2EF1EF6F25680FE500BE0644 /* JosefinSans-ExtraLightItalic.ttf in Resources */ = {isa = PBXBuildFile; fileRef = 2EF1EF5925680FE500BE0644 /* JosefinSans-ExtraLightItalic.ttf */; };
		2EF1EF7025680FE500BE0644 /* JosefinSans-ThinItalic.ttf in Resources */ = {isa = PBXBuildFile; fileRef = 2EF1EF5A25680FE500BE0644 /* JosefinSans-ThinItalic.ttf */; };
		2EF1EF7125680FE500BE0644 /* JosefinSans-ThinItalic.ttf in Resources */ = {isa = PBXBuildFile; fileRef = 2EF1EF5A25680FE500BE0644 /* JosefinSans-ThinItalic.ttf */; };
		2EF1EF7225680FE500BE0644 /* JosefinSans-ThinItalic.ttf in Resources */ = {isa = PBXBuildFile; fileRef = 2EF1EF5A25680FE500BE0644 /* JosefinSans-ThinItalic.ttf */; };
		2EF1EF7325680FE500BE0644 /* JosefinSans-SemiBoldItalic.ttf in Resources */ = {isa = PBXBuildFile; fileRef = 2EF1EF5B25680FE500BE0644 /* JosefinSans-SemiBoldItalic.ttf */; };
		2EF1EF7425680FE500BE0644 /* JosefinSans-SemiBoldItalic.ttf in Resources */ = {isa = PBXBuildFile; fileRef = 2EF1EF5B25680FE500BE0644 /* JosefinSans-SemiBoldItalic.ttf */; };
		2EF1EF7525680FE500BE0644 /* JosefinSans-SemiBoldItalic.ttf in Resources */ = {isa = PBXBuildFile; fileRef = 2EF1EF5B25680FE500BE0644 /* JosefinSans-SemiBoldItalic.ttf */; };
		2EF1EF7625680FE500BE0644 /* JosefinSans-Thin.ttf in Resources */ = {isa = PBXBuildFile; fileRef = 2EF1EF5C25680FE500BE0644 /* JosefinSans-Thin.ttf */; };
		2EF1EF7725680FE500BE0644 /* JosefinSans-Thin.ttf in Resources */ = {isa = PBXBuildFile; fileRef = 2EF1EF5C25680FE500BE0644 /* JosefinSans-Thin.ttf */; };
		2EF1EF7825680FE500BE0644 /* JosefinSans-Thin.ttf in Resources */ = {isa = PBXBuildFile; fileRef = 2EF1EF5C25680FE500BE0644 /* JosefinSans-Thin.ttf */; };
		2EF1EF7925680FE500BE0644 /* JosefinSans-MediumItalic.ttf in Resources */ = {isa = PBXBuildFile; fileRef = 2EF1EF5D25680FE500BE0644 /* JosefinSans-MediumItalic.ttf */; };
		2EF1EF7A25680FE500BE0644 /* JosefinSans-MediumItalic.ttf in Resources */ = {isa = PBXBuildFile; fileRef = 2EF1EF5D25680FE500BE0644 /* JosefinSans-MediumItalic.ttf */; };
		2EF1EF7B25680FE500BE0644 /* JosefinSans-MediumItalic.ttf in Resources */ = {isa = PBXBuildFile; fileRef = 2EF1EF5D25680FE500BE0644 /* JosefinSans-MediumItalic.ttf */; };
		2EF1EF7C25680FE500BE0644 /* JosefinSans-LightItalic.ttf in Resources */ = {isa = PBXBuildFile; fileRef = 2EF1EF5E25680FE500BE0644 /* JosefinSans-LightItalic.ttf */; };
		2EF1EF7D25680FE500BE0644 /* JosefinSans-LightItalic.ttf in Resources */ = {isa = PBXBuildFile; fileRef = 2EF1EF5E25680FE500BE0644 /* JosefinSans-LightItalic.ttf */; };
		2EF1EF7E25680FE500BE0644 /* JosefinSans-LightItalic.ttf in Resources */ = {isa = PBXBuildFile; fileRef = 2EF1EF5E25680FE500BE0644 /* JosefinSans-LightItalic.ttf */; };
		2EF1EF7F25680FE500BE0644 /* JosefinSans-Bold.ttf in Resources */ = {isa = PBXBuildFile; fileRef = 2EF1EF5F25680FE500BE0644 /* JosefinSans-Bold.ttf */; };
		2EF1EF8025680FE500BE0644 /* JosefinSans-Bold.ttf in Resources */ = {isa = PBXBuildFile; fileRef = 2EF1EF5F25680FE500BE0644 /* JosefinSans-Bold.ttf */; };
		2EF1EF8125680FE500BE0644 /* JosefinSans-Bold.ttf in Resources */ = {isa = PBXBuildFile; fileRef = 2EF1EF5F25680FE500BE0644 /* JosefinSans-Bold.ttf */; };
		2EF1EF8225680FE500BE0644 /* JosefinSans-ExtraLight.ttf in Resources */ = {isa = PBXBuildFile; fileRef = 2EF1EF6025680FE500BE0644 /* JosefinSans-ExtraLight.ttf */; };
		2EF1EF8325680FE500BE0644 /* JosefinSans-ExtraLight.ttf in Resources */ = {isa = PBXBuildFile; fileRef = 2EF1EF6025680FE500BE0644 /* JosefinSans-ExtraLight.ttf */; };
		2EF1EF8425680FE500BE0644 /* JosefinSans-ExtraLight.ttf in Resources */ = {isa = PBXBuildFile; fileRef = 2EF1EF6025680FE500BE0644 /* JosefinSans-ExtraLight.ttf */; };
		2EF1EF8525680FE500BE0644 /* JosefinSans-SemiBold.ttf in Resources */ = {isa = PBXBuildFile; fileRef = 2EF1EF6125680FE500BE0644 /* JosefinSans-SemiBold.ttf */; };
		2EF1EF8625680FE500BE0644 /* JosefinSans-SemiBold.ttf in Resources */ = {isa = PBXBuildFile; fileRef = 2EF1EF6125680FE500BE0644 /* JosefinSans-SemiBold.ttf */; };
		2EF1EF8725680FE500BE0644 /* JosefinSans-SemiBold.ttf in Resources */ = {isa = PBXBuildFile; fileRef = 2EF1EF6125680FE500BE0644 /* JosefinSans-SemiBold.ttf */; };
		2EF1EF8825680FE500BE0644 /* JosefinSans-Regular.ttf in Resources */ = {isa = PBXBuildFile; fileRef = 2EF1EF6225680FE500BE0644 /* JosefinSans-Regular.ttf */; };
		2EF1EF8925680FE500BE0644 /* JosefinSans-Regular.ttf in Resources */ = {isa = PBXBuildFile; fileRef = 2EF1EF6225680FE500BE0644 /* JosefinSans-Regular.ttf */; };
		2EF1EF8A25680FE500BE0644 /* JosefinSans-Regular.ttf in Resources */ = {isa = PBXBuildFile; fileRef = 2EF1EF6225680FE500BE0644 /* JosefinSans-Regular.ttf */; };
		2EF1EF8B25680FE500BE0644 /* JosefinSans-Italic.ttf in Resources */ = {isa = PBXBuildFile; fileRef = 2EF1EF6325680FE500BE0644 /* JosefinSans-Italic.ttf */; };
		2EF1EF8C25680FE500BE0644 /* JosefinSans-Italic.ttf in Resources */ = {isa = PBXBuildFile; fileRef = 2EF1EF6325680FE500BE0644 /* JosefinSans-Italic.ttf */; };
		2EF1EF8D25680FE500BE0644 /* JosefinSans-Italic.ttf in Resources */ = {isa = PBXBuildFile; fileRef = 2EF1EF6325680FE500BE0644 /* JosefinSans-Italic.ttf */; };
		2EF1EF992569A37200BE0644 /* DiceAlert.swift in Sources */ = {isa = PBXBuildFile; fileRef = 2EF1EF982569A37200BE0644 /* DiceAlert.swift */; };
		2EF1EFA4256BDC5A00BE0644 /* CustomFonts.swift in Sources */ = {isa = PBXBuildFile; fileRef = 2EF1EFA3256BDC5A00BE0644 /* CustomFonts.swift */; };
		2EF1EFD2256BF98100BE0644 /* LocalizedStrings.swift in Sources */ = {isa = PBXBuildFile; fileRef = 2EF1EFD1256BF98100BE0644 /* LocalizedStrings.swift */; };
		2EF1EFE3256D34AC00BE0644 /* IllustrationView.swift in Sources */ = {isa = PBXBuildFile; fileRef = 2EF1EFE2256D34AC00BE0644 /* IllustrationView.swift */; };
		2EF1EFF7256D457A00BE0644 /* HeaderButtons.swift in Sources */ = {isa = PBXBuildFile; fileRef = 2EF1EFF6256D457A00BE0644 /* HeaderButtons.swift */; };
		2EF1EFFC256D8A0A00BE0644 /* InfoView.swift in Sources */ = {isa = PBXBuildFile; fileRef = 2EF1EFFB256D8A0A00BE0644 /* InfoView.swift */; };
		2EF1F001256D8BCD00BE0644 /* GeneralCombatView.swift in Sources */ = {isa = PBXBuildFile; fileRef = 2EF1F000256D8BCD00BE0644 /* GeneralCombatView.swift */; };
		2EF1F00E256E925100BE0644 /* BioViewController.swift in Sources */ = {isa = PBXBuildFile; fileRef = 2EF1F00D256E925100BE0644 /* BioViewController.swift */; };
		5BB9EC1B257AA522006E006E /* Skill+CoreDataClass.swift in Sources */ = {isa = PBXBuildFile; fileRef = 5BB9EC19257AA522006E006E /* Skill+CoreDataClass.swift */; };
		5BB9EC32257AAC7D006E006E /* SkillsPresenter.swift in Sources */ = {isa = PBXBuildFile; fileRef = 5BB9EC31257AAC7D006E006E /* SkillsPresenter.swift */; };
		5BB9EC37257BB4D8006E006E /* SkillEnum.swift in Sources */ = {isa = PBXBuildFile; fileRef = 5BB9EC36257BB4D8006E006E /* SkillEnum.swift */; };
		5BB9EC42257BBECB006E006E /* Investigator+CoreDataClass.swift in Sources */ = {isa = PBXBuildFile; fileRef = 5BB9EC3F257BBECB006E006E /* Investigator+CoreDataClass.swift */; };
		5BB9EC61257BC29D006E006E /* InvestigatorPresenter.swift in Sources */ = {isa = PBXBuildFile; fileRef = 5BB9EC60257BC29D006E006E /* InvestigatorPresenter.swift */; };
		5BB9EC7B257E763D006E006E /* BusinessRules.swift in Sources */ = {isa = PBXBuildFile; fileRef = 5BB9EC7A257E763D006E006E /* BusinessRules.swift */; };
		5BB9EC89257FB273006E006E /* ShakeView.swift in Sources */ = {isa = PBXBuildFile; fileRef = 5BB9EC88257FB273006E006E /* ShakeView.swift */; };
		5BFC57C7256C379A00B8B232 /* NavigationBarGradient.swift in Sources */ = {isa = PBXBuildFile; fileRef = 5BFC57C6256C379A00B8B232 /* NavigationBarGradient.swift */; };
		5BFC57CC256D2CAE00B8B232 /* SkillsTableViewController.swift in Sources */ = {isa = PBXBuildFile; fileRef = 5BFC57CB256D2CAE00B8B232 /* SkillsTableViewController.swift */; };
		5BFC57D7256D303000B8B232 /* SkillTableViewCell.swift in Sources */ = {isa = PBXBuildFile; fileRef = 5BFC57D6256D303000B8B232 /* SkillTableViewCell.swift */; };
		5BFC57FE2571228200B8B232 /* SearchBar.swift in Sources */ = {isa = PBXBuildFile; fileRef = 5BFC57FD2571228200B8B232 /* SearchBar.swift */; };
		5BFC58092571328500B8B232 /* InvestigatorsCollectionViewController.swift in Sources */ = {isa = PBXBuildFile; fileRef = 5BFC58082571328500B8B232 /* InvestigatorsCollectionViewController.swift */; };
		9211A3B2257FC63E00ADBB8A /* Item+CoreDataClass.swift in Sources */ = {isa = PBXBuildFile; fileRef = 9211A3B0257FC63E00ADBB8A /* Item+CoreDataClass.swift */; };
		9211A3BB257FC6F600ADBB8A /* CombatPresenter.swift in Sources */ = {isa = PBXBuildFile; fileRef = 9211A3BA257FC6F600ADBB8A /* CombatPresenter.swift */; };
		9227B5C3256F00F600399CCB /* GroupPointsView.swift in Sources */ = {isa = PBXBuildFile; fileRef = 9227B5C2256F00F600399CCB /* GroupPointsView.swift */; };
		9227B5C8256F010C00399CCB /* IndvPointsView.swift in Sources */ = {isa = PBXBuildFile; fileRef = 9227B5C7256F010B00399CCB /* IndvPointsView.swift */; };
		9237DFD9256D8B9E00EEAE80 /* IndvStatesView.swift in Sources */ = {isa = PBXBuildFile; fileRef = 9237DFD8256D8B9E00EEAE80 /* IndvStatesView.swift */; };
		9237DFE1256D958400EEAE80 /* GroupStatesView.swift in Sources */ = {isa = PBXBuildFile; fileRef = 9237DFE0256D958400EEAE80 /* GroupStatesView.swift */; };
		926E0C21257FA39A009B0584 /* GroupItemsView.swift in Sources */ = {isa = PBXBuildFile; fileRef = 926E0C20257FA39A009B0584 /* GroupItemsView.swift */; };
		92876D402577BCB40071BFE7 /* AttackCardView.swift in Sources */ = {isa = PBXBuildFile; fileRef = 92876D3F2577BCB40071BFE7 /* AttackCardView.swift */; };
		92C011D82580DD540068FB8C /* Attack+CoreDataClass.swift in Sources */ = {isa = PBXBuildFile; fileRef = 92C011D62580DD540068FB8C /* Attack+CoreDataClass.swift */; };
		92C011E82580EA760068FB8C /* GeneralCombat+CoreDataClass.swift in Sources */ = {isa = PBXBuildFile; fileRef = 92C011E62580EA760068FB8C /* GeneralCombat+CoreDataClass.swift */; };
		92CA9AA4256EF40600CF67D7 /* TabBarViewController.swift in Sources */ = {isa = PBXBuildFile; fileRef = 92CA9AA3256EF40600CF67D7 /* TabBarViewController.swift */; };
		92CB88E3256FE34400B94B15 /* AspectsPresenter.swift in Sources */ = {isa = PBXBuildFile; fileRef = 92CB88E2256FE34400B94B15 /* AspectsPresenter.swift */; };
		92CB88E8256FE5D800B94B15 /* CombatDiceDelegate.swift in Sources */ = {isa = PBXBuildFile; fileRef = 92CB88E7256FE5D800B94B15 /* CombatDiceDelegate.swift */; };
		92D3ABB0256D45A400C49FAB /* CustomImages.swift in Sources */ = {isa = PBXBuildFile; fileRef = 92D3ABAF256D45A400C49FAB /* CustomImages.swift */; };
		92E3873F256E88950016D072 /* CustomViewController.swift in Sources */ = {isa = PBXBuildFile; fileRef = 92E3873E256E88950016D072 /* CustomViewController.swift */; };
		92E38744256EA21D0016D072 /* AspectsViewController.swift in Sources */ = {isa = PBXBuildFile; fileRef = 92E38743256EA21D0016D072 /* AspectsViewController.swift */; };
		92E87DD8257E79C400A85E6B /* GroupAttackView.swift in Sources */ = {isa = PBXBuildFile; fileRef = 92E87DD7257E79C400A85E6B /* GroupAttackView.swift */; };
/* End PBXBuildFile section */

/* Begin PBXContainerItemProxy section */
		2EF1EEEA2567EDE400BE0644 /* PBXContainerItemProxy */ = {
			isa = PBXContainerItemProxy;
			containerPortal = 2EF1EEC82567EDE300BE0644 /* Project object */;
			proxyType = 1;
			remoteGlobalIDString = 2EF1EECF2567EDE300BE0644;
			remoteInfo = DeepSheet;
		};
		2EF1EEF52567EDE400BE0644 /* PBXContainerItemProxy */ = {
			isa = PBXContainerItemProxy;
			containerPortal = 2EF1EEC82567EDE300BE0644 /* Project object */;
			proxyType = 1;
			remoteGlobalIDString = 2EF1EECF2567EDE300BE0644;
			remoteInfo = DeepSheet;
		};
/* End PBXContainerItemProxy section */

/* Begin PBXFileReference section */
		0040D1FE257DC00700BD35D3 /* ItemCardView.swift */ = {isa = PBXFileReference; lastKnownFileType = sourcecode.swift; path = ItemCardView.swift; sourceTree = "<group>"; };
		006C07FA2580BDCC0068679A /* AspectsStates+CoreDataClass.swift */ = {isa = PBXFileReference; lastKnownFileType = sourcecode.swift; path = "AspectsStates+CoreDataClass.swift"; sourceTree = "<group>"; };
		006C07FC2580BDCC0068679A /* AspectsPoints+CoreDataClass.swift */ = {isa = PBXFileReference; lastKnownFileType = sourcecode.swift; path = "AspectsPoints+CoreDataClass.swift"; sourceTree = "<group>"; };
		006C07FE2580BDCD0068679A /* AspectsAttributes+CoreDataClass.swift */ = {isa = PBXFileReference; lastKnownFileType = sourcecode.swift; path = "AspectsAttributes+CoreDataClass.swift"; sourceTree = "<group>"; };
		006C080C2580F5A50068679A /* Aspects+CoreDataClass.swift */ = {isa = PBXFileReference; lastKnownFileType = sourcecode.swift; path = "Aspects+CoreDataClass.swift"; sourceTree = "<group>"; };
		00E630A9256FD73D00D397C0 /* AdditionCardView.swift */ = {isa = PBXFileReference; lastKnownFileType = sourcecode.swift; path = AdditionCardView.swift; sourceTree = "<group>"; };
		00E630B1256FD95C00D397C0 /* CombatViewController.swift */ = {isa = PBXFileReference; lastKnownFileType = sourcecode.swift; path = CombatViewController.swift; sourceTree = "<group>"; };
		00E630B9256FDB4800D397C0 /* DashedBorder.swift */ = {isa = PBXFileReference; lastKnownFileType = sourcecode.swift; path = DashedBorder.swift; sourceTree = "<group>"; };
		2E7F676E2570556200976C85 /* EditProfileModal.swift */ = {isa = PBXFileReference; lastKnownFileType = sourcecode.swift; path = EditProfileModal.swift; sourceTree = "<group>"; };
		2E7F67762570570D00976C85 /* ProfileViewController.swift */ = {isa = PBXFileReference; lastKnownFileType = sourcecode.swift; path = ProfileViewController.swift; sourceTree = "<group>"; };
		2E7F677E2571364800976C85 /* EditModalComponent.swift */ = {isa = PBXFileReference; lastKnownFileType = sourcecode.swift; path = EditModalComponent.swift; sourceTree = "<group>"; };
		2E7F67862575195400976C85 /* EditCombatModal.swift */ = {isa = PBXFileReference; lastKnownFileType = sourcecode.swift; path = EditCombatModal.swift; sourceTree = "<group>"; };
		2E7F678B25751F6F00976C85 /* NewItemModal.swift */ = {isa = PBXFileReference; lastKnownFileType = sourcecode.swift; path = NewItemModal.swift; sourceTree = "<group>"; };
		2E7F6790257524A000976C85 /* EditItemModal.swift */ = {isa = PBXFileReference; lastKnownFileType = sourcecode.swift; path = EditItemModal.swift; sourceTree = "<group>"; };
		2E7F67952575256700976C85 /* NewWeaponModal.swift */ = {isa = PBXFileReference; lastKnownFileType = sourcecode.swift; path = NewWeaponModal.swift; sourceTree = "<group>"; };
		2E7F679A2575282200976C85 /* EditWeaponModal.swift */ = {isa = PBXFileReference; lastKnownFileType = sourcecode.swift; path = EditWeaponModal.swift; sourceTree = "<group>"; };
		2E7F679F25752D8500976C85 /* NewSkillModal.swift */ = {isa = PBXFileReference; lastKnownFileType = sourcecode.swift; path = NewSkillModal.swift; sourceTree = "<group>"; };
		2E7F67A425753BBB00976C85 /* EditHistoricModal.swift */ = {isa = PBXFileReference; lastKnownFileType = sourcecode.swift; path = EditHistoricModal.swift; sourceTree = "<group>"; };
		2E7F67A9257567A100976C85 /* NewInvestigatorModal.swift */ = {isa = PBXFileReference; lastKnownFileType = sourcecode.swift; path = NewInvestigatorModal.swift; sourceTree = "<group>"; };
		2E7F67CC257685DE00976C85 /* InvestigatorCollectionViewCell.swift */ = {isa = PBXFileReference; lastKnownFileType = sourcecode.swift; path = InvestigatorCollectionViewCell.swift; sourceTree = "<group>"; };
		2E7F67D72577BB0600976C85 /* ProfileComponent.swift */ = {isa = PBXFileReference; lastKnownFileType = sourcecode.swift; path = ProfileComponent.swift; sourceTree = "<group>"; };
		2E7F67E5257BB9E100976C85 /* EditSkillModal.swift */ = {isa = PBXFileReference; lastKnownFileType = sourcecode.swift; path = EditSkillModal.swift; sourceTree = "<group>"; };
		2E7F67F3257E599A00976C85 /* Historic+CoreDataClass.swift */ = {isa = PBXFileReference; lastKnownFileType = sourcecode.swift; path = "Historic+CoreDataClass.swift"; sourceTree = "<group>"; };
		2E7F6809257E626800976C85 /* HistoricPresenter.swift */ = {isa = PBXFileReference; lastKnownFileType = sourcecode.swift; path = HistoricPresenter.swift; sourceTree = "<group>"; };
		2E7F6817257E9DC800976C85 /* ProfilePresenter.swift */ = {isa = PBXFileReference; lastKnownFileType = sourcecode.swift; path = ProfilePresenter.swift; sourceTree = "<group>"; };
		2E7F681F257E9F8100976C85 /* Profile+CoreDataClass.swift */ = {isa = PBXFileReference; lastKnownFileType = sourcecode.swift; path = "Profile+CoreDataClass.swift"; sourceTree = "<group>"; };
		2EF1EED02567EDE300BE0644 /* DeepSheet.app */ = {isa = PBXFileReference; explicitFileType = wrapper.application; includeInIndex = 0; path = DeepSheet.app; sourceTree = BUILT_PRODUCTS_DIR; };
		2EF1EED32567EDE300BE0644 /* AppDelegate.swift */ = {isa = PBXFileReference; lastKnownFileType = sourcecode.swift; path = AppDelegate.swift; sourceTree = "<group>"; };
		2EF1EED52567EDE300BE0644 /* SceneDelegate.swift */ = {isa = PBXFileReference; lastKnownFileType = sourcecode.swift; path = SceneDelegate.swift; sourceTree = "<group>"; };
		2EF1EEDD2567EDE300BE0644 /* DeepSheet.xcdatamodel */ = {isa = PBXFileReference; lastKnownFileType = wrapper.xcdatamodel; path = DeepSheet.xcdatamodel; sourceTree = "<group>"; };
		2EF1EEDF2567EDE400BE0644 /* Assets.xcassets */ = {isa = PBXFileReference; lastKnownFileType = folder.assetcatalog; path = Assets.xcassets; sourceTree = "<group>"; };
		2EF1EEE22567EDE400BE0644 /* Base */ = {isa = PBXFileReference; lastKnownFileType = file.storyboard; name = Base; path = Base.lproj/LaunchScreen.storyboard; sourceTree = "<group>"; };
		2EF1EEE42567EDE400BE0644 /* Info.plist */ = {isa = PBXFileReference; lastKnownFileType = text.plist.xml; path = Info.plist; sourceTree = "<group>"; };
		2EF1EEE92567EDE400BE0644 /* DeepSheetTests.xctest */ = {isa = PBXFileReference; explicitFileType = wrapper.cfbundle; includeInIndex = 0; path = DeepSheetTests.xctest; sourceTree = BUILT_PRODUCTS_DIR; };
		2EF1EEED2567EDE400BE0644 /* DeepSheetTests.swift */ = {isa = PBXFileReference; lastKnownFileType = sourcecode.swift; path = DeepSheetTests.swift; sourceTree = "<group>"; };
		2EF1EEEF2567EDE400BE0644 /* Info.plist */ = {isa = PBXFileReference; lastKnownFileType = text.plist.xml; path = Info.plist; sourceTree = "<group>"; };
		2EF1EEF42567EDE400BE0644 /* DeepSheetUITests.xctest */ = {isa = PBXFileReference; explicitFileType = wrapper.cfbundle; includeInIndex = 0; path = DeepSheetUITests.xctest; sourceTree = BUILT_PRODUCTS_DIR; };
		2EF1EEF82567EDE400BE0644 /* DeepSheetUITests.swift */ = {isa = PBXFileReference; lastKnownFileType = sourcecode.swift; path = DeepSheetUITests.swift; sourceTree = "<group>"; };
		2EF1EEFA2567EDE400BE0644 /* Info.plist */ = {isa = PBXFileReference; lastKnownFileType = text.plist.xml; path = Info.plist; sourceTree = "<group>"; };
		2EF1EF132567F13500BE0644 /* .swiftlint.yml */ = {isa = PBXFileReference; fileEncoding = 4; lastKnownFileType = text.yaml; path = .swiftlint.yml; sourceTree = "<group>"; };
		2EF1EF1C2567F33300BE0644 /* CustomColors.swift */ = {isa = PBXFileReference; lastKnownFileType = sourcecode.swift; path = CustomColors.swift; sourceTree = "<group>"; };
		2EF1EF222567F3A700BE0644 /* CharacteristicView.swift */ = {isa = PBXFileReference; lastKnownFileType = sourcecode.swift; path = CharacteristicView.swift; sourceTree = "<group>"; };
		2EF1EF2A2567F3CA00BE0644 /* AttributesView.swift */ = {isa = PBXFileReference; lastKnownFileType = sourcecode.swift; path = AttributesView.swift; sourceTree = "<group>"; };
		2EF1EF352567F6E400BE0644 /* .gitignore */ = {isa = PBXFileReference; fileEncoding = 4; lastKnownFileType = text; path = .gitignore; sourceTree = "<group>"; };
		2EF1EF402567F83C00BE0644 /* DeepSheet.entitlements */ = {isa = PBXFileReference; lastKnownFileType = text.plist.entitlements; path = DeepSheet.entitlements; sourceTree = "<group>"; };
		2EF1EF452567F84500BE0644 /* CloudKit.framework */ = {isa = PBXFileReference; lastKnownFileType = wrapper.framework; name = CloudKit.framework; path = System/Library/Frameworks/CloudKit.framework; sourceTree = SDKROOT; };
		2EF1EF5625680FE500BE0644 /* JosefinSans-BoldItalic.ttf */ = {isa = PBXFileReference; lastKnownFileType = file; path = "JosefinSans-BoldItalic.ttf"; sourceTree = "<group>"; };
		2EF1EF5725680FE500BE0644 /* JosefinSans-Light.ttf */ = {isa = PBXFileReference; lastKnownFileType = file; path = "JosefinSans-Light.ttf"; sourceTree = "<group>"; };
		2EF1EF5825680FE500BE0644 /* JosefinSans-Medium.ttf */ = {isa = PBXFileReference; lastKnownFileType = file; path = "JosefinSans-Medium.ttf"; sourceTree = "<group>"; };
		2EF1EF5925680FE500BE0644 /* JosefinSans-ExtraLightItalic.ttf */ = {isa = PBXFileReference; lastKnownFileType = file; path = "JosefinSans-ExtraLightItalic.ttf"; sourceTree = "<group>"; };
		2EF1EF5A25680FE500BE0644 /* JosefinSans-ThinItalic.ttf */ = {isa = PBXFileReference; lastKnownFileType = file; path = "JosefinSans-ThinItalic.ttf"; sourceTree = "<group>"; };
		2EF1EF5B25680FE500BE0644 /* JosefinSans-SemiBoldItalic.ttf */ = {isa = PBXFileReference; lastKnownFileType = file; path = "JosefinSans-SemiBoldItalic.ttf"; sourceTree = "<group>"; };
		2EF1EF5C25680FE500BE0644 /* JosefinSans-Thin.ttf */ = {isa = PBXFileReference; lastKnownFileType = file; path = "JosefinSans-Thin.ttf"; sourceTree = "<group>"; };
		2EF1EF5D25680FE500BE0644 /* JosefinSans-MediumItalic.ttf */ = {isa = PBXFileReference; lastKnownFileType = file; path = "JosefinSans-MediumItalic.ttf"; sourceTree = "<group>"; };
		2EF1EF5E25680FE500BE0644 /* JosefinSans-LightItalic.ttf */ = {isa = PBXFileReference; lastKnownFileType = file; path = "JosefinSans-LightItalic.ttf"; sourceTree = "<group>"; };
		2EF1EF5F25680FE500BE0644 /* JosefinSans-Bold.ttf */ = {isa = PBXFileReference; lastKnownFileType = file; path = "JosefinSans-Bold.ttf"; sourceTree = "<group>"; };
		2EF1EF6025680FE500BE0644 /* JosefinSans-ExtraLight.ttf */ = {isa = PBXFileReference; lastKnownFileType = file; path = "JosefinSans-ExtraLight.ttf"; sourceTree = "<group>"; };
		2EF1EF6125680FE500BE0644 /* JosefinSans-SemiBold.ttf */ = {isa = PBXFileReference; lastKnownFileType = file; path = "JosefinSans-SemiBold.ttf"; sourceTree = "<group>"; };
		2EF1EF6225680FE500BE0644 /* JosefinSans-Regular.ttf */ = {isa = PBXFileReference; lastKnownFileType = file; path = "JosefinSans-Regular.ttf"; sourceTree = "<group>"; };
		2EF1EF6325680FE500BE0644 /* JosefinSans-Italic.ttf */ = {isa = PBXFileReference; lastKnownFileType = file; path = "JosefinSans-Italic.ttf"; sourceTree = "<group>"; };
		2EF1EF982569A37200BE0644 /* DiceAlert.swift */ = {isa = PBXFileReference; lastKnownFileType = sourcecode.swift; path = DiceAlert.swift; sourceTree = "<group>"; };
		2EF1EFA3256BDC5A00BE0644 /* CustomFonts.swift */ = {isa = PBXFileReference; lastKnownFileType = sourcecode.swift; path = CustomFonts.swift; sourceTree = "<group>"; };
		2EF1EFD1256BF98100BE0644 /* LocalizedStrings.swift */ = {isa = PBXFileReference; lastKnownFileType = sourcecode.swift; path = LocalizedStrings.swift; sourceTree = "<group>"; };
		2EF1EFE2256D34AC00BE0644 /* IllustrationView.swift */ = {isa = PBXFileReference; lastKnownFileType = sourcecode.swift; path = IllustrationView.swift; sourceTree = "<group>"; };
		2EF1EFF6256D457A00BE0644 /* HeaderButtons.swift */ = {isa = PBXFileReference; lastKnownFileType = sourcecode.swift; path = HeaderButtons.swift; sourceTree = "<group>"; };
		2EF1EFFB256D8A0A00BE0644 /* InfoView.swift */ = {isa = PBXFileReference; lastKnownFileType = sourcecode.swift; path = InfoView.swift; sourceTree = "<group>"; };
		2EF1F000256D8BCD00BE0644 /* GeneralCombatView.swift */ = {isa = PBXFileReference; lastKnownFileType = sourcecode.swift; path = GeneralCombatView.swift; sourceTree = "<group>"; };
		2EF1F00D256E925100BE0644 /* BioViewController.swift */ = {isa = PBXFileReference; lastKnownFileType = sourcecode.swift; path = BioViewController.swift; sourceTree = "<group>"; };
		5BB9EC19257AA522006E006E /* Skill+CoreDataClass.swift */ = {isa = PBXFileReference; lastKnownFileType = sourcecode.swift; path = "Skill+CoreDataClass.swift"; sourceTree = "<group>"; };
		5BB9EC31257AAC7D006E006E /* SkillsPresenter.swift */ = {isa = PBXFileReference; lastKnownFileType = sourcecode.swift; path = SkillsPresenter.swift; sourceTree = "<group>"; };
		5BB9EC36257BB4D8006E006E /* SkillEnum.swift */ = {isa = PBXFileReference; lastKnownFileType = sourcecode.swift; path = SkillEnum.swift; sourceTree = "<group>"; };
		5BB9EC3F257BBECB006E006E /* Investigator+CoreDataClass.swift */ = {isa = PBXFileReference; lastKnownFileType = sourcecode.swift; path = "Investigator+CoreDataClass.swift"; sourceTree = "<group>"; };
		5BB9EC60257BC29D006E006E /* InvestigatorPresenter.swift */ = {isa = PBXFileReference; lastKnownFileType = sourcecode.swift; path = InvestigatorPresenter.swift; sourceTree = "<group>"; };
		5BB9EC7A257E763D006E006E /* BusinessRules.swift */ = {isa = PBXFileReference; lastKnownFileType = sourcecode.swift; path = BusinessRules.swift; sourceTree = "<group>"; };
		5BB9EC88257FB273006E006E /* ShakeView.swift */ = {isa = PBXFileReference; lastKnownFileType = sourcecode.swift; path = ShakeView.swift; sourceTree = "<group>"; };
		5BFC57C6256C379A00B8B232 /* NavigationBarGradient.swift */ = {isa = PBXFileReference; lastKnownFileType = sourcecode.swift; path = NavigationBarGradient.swift; sourceTree = "<group>"; };
		5BFC57CB256D2CAE00B8B232 /* SkillsTableViewController.swift */ = {isa = PBXFileReference; lastKnownFileType = sourcecode.swift; path = SkillsTableViewController.swift; sourceTree = "<group>"; };
		5BFC57D6256D303000B8B232 /* SkillTableViewCell.swift */ = {isa = PBXFileReference; lastKnownFileType = sourcecode.swift; path = SkillTableViewCell.swift; sourceTree = "<group>"; };
		5BFC57FD2571228200B8B232 /* SearchBar.swift */ = {isa = PBXFileReference; lastKnownFileType = sourcecode.swift; path = SearchBar.swift; sourceTree = "<group>"; };
		5BFC58082571328500B8B232 /* InvestigatorsCollectionViewController.swift */ = {isa = PBXFileReference; lastKnownFileType = sourcecode.swift; path = InvestigatorsCollectionViewController.swift; sourceTree = "<group>"; };
		9211A3B0257FC63E00ADBB8A /* Item+CoreDataClass.swift */ = {isa = PBXFileReference; lastKnownFileType = sourcecode.swift; path = "Item+CoreDataClass.swift"; sourceTree = "<group>"; };
		9211A3BA257FC6F600ADBB8A /* CombatPresenter.swift */ = {isa = PBXFileReference; lastKnownFileType = sourcecode.swift; path = CombatPresenter.swift; sourceTree = "<group>"; };
		9227B5C2256F00F600399CCB /* GroupPointsView.swift */ = {isa = PBXFileReference; fileEncoding = 4; lastKnownFileType = sourcecode.swift; path = GroupPointsView.swift; sourceTree = "<group>"; };
		9227B5C7256F010B00399CCB /* IndvPointsView.swift */ = {isa = PBXFileReference; fileEncoding = 4; lastKnownFileType = sourcecode.swift; path = IndvPointsView.swift; sourceTree = "<group>"; };
		9237DFD8256D8B9E00EEAE80 /* IndvStatesView.swift */ = {isa = PBXFileReference; lastKnownFileType = sourcecode.swift; path = IndvStatesView.swift; sourceTree = "<group>"; };
		9237DFE0256D958400EEAE80 /* GroupStatesView.swift */ = {isa = PBXFileReference; lastKnownFileType = sourcecode.swift; path = GroupStatesView.swift; sourceTree = "<group>"; };
		926E0C20257FA39A009B0584 /* GroupItemsView.swift */ = {isa = PBXFileReference; lastKnownFileType = sourcecode.swift; path = GroupItemsView.swift; sourceTree = "<group>"; };
		92876D3F2577BCB40071BFE7 /* AttackCardView.swift */ = {isa = PBXFileReference; lastKnownFileType = sourcecode.swift; path = AttackCardView.swift; sourceTree = "<group>"; };
		92C011D62580DD540068FB8C /* Attack+CoreDataClass.swift */ = {isa = PBXFileReference; lastKnownFileType = sourcecode.swift; path = "Attack+CoreDataClass.swift"; sourceTree = "<group>"; };
		92C011E62580EA760068FB8C /* GeneralCombat+CoreDataClass.swift */ = {isa = PBXFileReference; lastKnownFileType = sourcecode.swift; path = "GeneralCombat+CoreDataClass.swift"; sourceTree = "<group>"; };
		92CA9AA3256EF40600CF67D7 /* TabBarViewController.swift */ = {isa = PBXFileReference; fileEncoding = 4; lastKnownFileType = sourcecode.swift; name = TabBarViewController.swift; path = DeepSheet/View/TabBarViewController.swift; sourceTree = SOURCE_ROOT; };
		92CB88E2256FE34400B94B15 /* AspectsPresenter.swift */ = {isa = PBXFileReference; lastKnownFileType = sourcecode.swift; path = AspectsPresenter.swift; sourceTree = "<group>"; };
		92CB88E7256FE5D800B94B15 /* CombatDiceDelegate.swift */ = {isa = PBXFileReference; lastKnownFileType = sourcecode.swift; path = CombatDiceDelegate.swift; sourceTree = "<group>"; };
		92D3ABAF256D45A400C49FAB /* CustomImages.swift */ = {isa = PBXFileReference; lastKnownFileType = sourcecode.swift; path = CustomImages.swift; sourceTree = "<group>"; };
		92E3873E256E88950016D072 /* CustomViewController.swift */ = {isa = PBXFileReference; lastKnownFileType = sourcecode.swift; path = CustomViewController.swift; sourceTree = "<group>"; };
		92E38743256EA21D0016D072 /* AspectsViewController.swift */ = {isa = PBXFileReference; lastKnownFileType = sourcecode.swift; path = AspectsViewController.swift; sourceTree = "<group>"; };
		92E87DD7257E79C400A85E6B /* GroupAttackView.swift */ = {isa = PBXFileReference; lastKnownFileType = sourcecode.swift; path = GroupAttackView.swift; sourceTree = "<group>"; };
/* End PBXFileReference section */

/* Begin PBXFrameworksBuildPhase section */
		2EF1EECD2567EDE300BE0644 /* Frameworks */ = {
			isa = PBXFrameworksBuildPhase;
			buildActionMask = 2147483647;
			files = (
				2EF1EF462567F84500BE0644 /* CloudKit.framework in Frameworks */,
			);
			runOnlyForDeploymentPostprocessing = 0;
		};
		2EF1EEE62567EDE400BE0644 /* Frameworks */ = {
			isa = PBXFrameworksBuildPhase;
			buildActionMask = 2147483647;
			files = (
			);
			runOnlyForDeploymentPostprocessing = 0;
		};
		2EF1EEF12567EDE400BE0644 /* Frameworks */ = {
			isa = PBXFrameworksBuildPhase;
			buildActionMask = 2147483647;
			files = (
			);
			runOnlyForDeploymentPostprocessing = 0;
		};
/* End PBXFrameworksBuildPhase section */

/* Begin PBXGroup section */
		2E7F676D2570554700976C85 /* Modals */ = {
			isa = PBXGroup;
			children = (
				2E7F67862575195400976C85 /* EditCombatModal.swift */,
				2E7F67A425753BBB00976C85 /* EditHistoricModal.swift */,
				2E7F6790257524A000976C85 /* EditItemModal.swift */,
				2E7F676E2570556200976C85 /* EditProfileModal.swift */,
				2E7F67E5257BB9E100976C85 /* EditSkillModal.swift */,
				2E7F679A2575282200976C85 /* EditWeaponModal.swift */,
				2E7F67A9257567A100976C85 /* NewInvestigatorModal.swift */,
				2E7F678B25751F6F00976C85 /* NewItemModal.swift */,
				2E7F679F25752D8500976C85 /* NewSkillModal.swift */,
				2E7F67952575256700976C85 /* NewWeaponModal.swift */,
			);
			path = Modals;
			sourceTree = "<group>";
		};
		2EF1EEC72567EDE300BE0644 = {
			isa = PBXGroup;
			children = (
				2EF1EF352567F6E400BE0644 /* .gitignore */,
				2EF1EF132567F13500BE0644 /* .swiftlint.yml */,
				2EF1EED22567EDE300BE0644 /* DeepSheet */,
				2EF1EEEC2567EDE400BE0644 /* DeepSheetTests */,
				2EF1EEF72567EDE400BE0644 /* DeepSheetUITests */,
				2EF1EED12567EDE300BE0644 /* Products */,
				2EF1EF442567F84500BE0644 /* Frameworks */,
				2EF1F027256EFC5A00BE0644 /* Recovered References */,
			);
			sourceTree = "<group>";
		};
		2EF1EED12567EDE300BE0644 /* Products */ = {
			isa = PBXGroup;
			children = (
				2EF1EED02567EDE300BE0644 /* DeepSheet.app */,
				2EF1EEE92567EDE400BE0644 /* DeepSheetTests.xctest */,
				2EF1EEF42567EDE400BE0644 /* DeepSheetUITests.xctest */,
			);
			name = Products;
			sourceTree = "<group>";
		};
		2EF1EED22567EDE300BE0644 /* DeepSheet */ = {
			isa = PBXGroup;
			children = (
				2EF1EF5225680E6100BE0644 /* Fonts */,
				2EF1EF402567F83C00BE0644 /* DeepSheet.entitlements */,
				2EF1EF112567EEEA00BE0644 /* DataSource */,
				2EF1EF102567EEE500BE0644 /* View */,
				2EF1EF0F2567EEDE00BE0644 /* Extensions */,
				2EF1EF0E2567EED600BE0644 /* Helpers */,
				2EF1EF0D2567EED000BE0644 /* Presenter */,
				2EF1EF0C2567EEC300BE0644 /* Model */,
				2EF1EED32567EDE300BE0644 /* AppDelegate.swift */,
				2EF1EED52567EDE300BE0644 /* SceneDelegate.swift */,
				2EF1EEDF2567EDE400BE0644 /* Assets.xcassets */,
				2EF1EEE12567EDE400BE0644 /* LaunchScreen.storyboard */,
				2EF1EEE42567EDE400BE0644 /* Info.plist */,
				2EF1EEDC2567EDE300BE0644 /* DeepSheet.xcdatamodeld */,
			);
			path = DeepSheet;
			sourceTree = "<group>";
		};
		2EF1EEEC2567EDE400BE0644 /* DeepSheetTests */ = {
			isa = PBXGroup;
			children = (
				2EF1EEED2567EDE400BE0644 /* DeepSheetTests.swift */,
				2EF1EEEF2567EDE400BE0644 /* Info.plist */,
			);
			path = DeepSheetTests;
			sourceTree = "<group>";
		};
		2EF1EEF72567EDE400BE0644 /* DeepSheetUITests */ = {
			isa = PBXGroup;
			children = (
				2EF1EEF82567EDE400BE0644 /* DeepSheetUITests.swift */,
				2EF1EEFA2567EDE400BE0644 /* Info.plist */,
			);
			path = DeepSheetUITests;
			sourceTree = "<group>";
		};
		2EF1EF0C2567EEC300BE0644 /* Model */ = {
			isa = PBXGroup;
			children = (
				006C080C2580F5A50068679A /* Aspects+CoreDataClass.swift */,
				006C07FA2580BDCC0068679A /* AspectsStates+CoreDataClass.swift */,
				006C07FC2580BDCC0068679A /* AspectsPoints+CoreDataClass.swift */,
				006C07FE2580BDCD0068679A /* AspectsAttributes+CoreDataClass.swift */,
				92C011D62580DD540068FB8C /* Attack+CoreDataClass.swift */,
				92C011E62580EA760068FB8C /* GeneralCombat+CoreDataClass.swift */,
				2E7F67F3257E599A00976C85 /* Historic+CoreDataClass.swift */,
				5BB9EC3F257BBECB006E006E /* Investigator+CoreDataClass.swift */,
				9211A3B0257FC63E00ADBB8A /* Item+CoreDataClass.swift */,
				2E7F681F257E9F8100976C85 /* Profile+CoreDataClass.swift */,
				5BB9EC19257AA522006E006E /* Skill+CoreDataClass.swift */,
			);
			path = Model;
			sourceTree = "<group>";
		};
		2EF1EF0D2567EED000BE0644 /* Presenter */ = {
			isa = PBXGroup;
			children = (
				92CB88E2256FE34400B94B15 /* AspectsPresenter.swift */,
				9211A3BA257FC6F600ADBB8A /* CombatPresenter.swift */,
				2E7F6809257E626800976C85 /* HistoricPresenter.swift */,
				2E7F67CC257685DE00976C85 /* InvestigatorCollectionViewCell.swift */,
				5BB9EC60257BC29D006E006E /* InvestigatorPresenter.swift */,
				5BFC58082571328500B8B232 /* InvestigatorsCollectionViewController.swift */,
				2E7F6817257E9DC800976C85 /* ProfilePresenter.swift */,
				5BB9EC31257AAC7D006E006E /* SkillsPresenter.swift */,
				5BFC57CB256D2CAE00B8B232 /* SkillsTableViewController.swift */,
				5BFC57D6256D303000B8B232 /* SkillTableViewCell.swift */,
				92CA9AA3256EF40600CF67D7 /* TabBarViewController.swift */,
			);
			path = Presenter;
			sourceTree = "<group>";
		};
		2EF1EF0E2567EED600BE0644 /* Helpers */ = {
			isa = PBXGroup;
			children = (
				2EF1EFD1256BF98100BE0644 /* LocalizedStrings.swift */,
				92CB88E7256FE5D800B94B15 /* CombatDiceDelegate.swift */,
				5BB9EC7A257E763D006E006E /* BusinessRules.swift */,
			);
			path = Helpers;
			sourceTree = "<group>";
		};
		2EF1EF0F2567EEDE00BE0644 /* Extensions */ = {
			isa = PBXGroup;
			children = (
				2EF1EF1C2567F33300BE0644 /* CustomColors.swift */,
				2EF1EFA3256BDC5A00BE0644 /* CustomFonts.swift */,
				92D3ABAF256D45A400C49FAB /* CustomImages.swift */,
				92E3873E256E88950016D072 /* CustomViewController.swift */,
				00E630B9256FDB4800D397C0 /* DashedBorder.swift */,
				5BFC57C6256C379A00B8B232 /* NavigationBarGradient.swift */,
				5BFC57FD2571228200B8B232 /* SearchBar.swift */,
				5BB9EC88257FB273006E006E /* ShakeView.swift */,
			);
			path = Extensions;
			sourceTree = "<group>";
		};
		2EF1EF102567EEE500BE0644 /* View */ = {
			isa = PBXGroup;
			children = (
				92E38743256EA21D0016D072 /* AspectsViewController.swift */,
				2EF1F00D256E925100BE0644 /* BioViewController.swift */,
				00E630B1256FD95C00D397C0 /* CombatViewController.swift */,
				2E7F67762570570D00976C85 /* ProfileViewController.swift */,
				2EF1EF972569A19200BE0644 /* Alerts */,
				2EF1EF212567F37400BE0644 /* Components */,
				2E7F676D2570554700976C85 /* Modals */,
			);
			path = View;
			sourceTree = "<group>";
		};
		2EF1EF112567EEEA00BE0644 /* DataSource */ = {
			isa = PBXGroup;
			children = (
				5BB9EC36257BB4D8006E006E /* SkillEnum.swift */,
			);
			path = DataSource;
			sourceTree = "<group>";
		};
		2EF1EF212567F37400BE0644 /* Components */ = {
			isa = PBXGroup;
			children = (
				00E630A9256FD73D00D397C0 /* AdditionCardView.swift */,
				92876D3F2577BCB40071BFE7 /* AttackCardView.swift */,
				2EF1EF2A2567F3CA00BE0644 /* AttributesView.swift */,
				2EF1EF222567F3A700BE0644 /* CharacteristicView.swift */,
				2E7F677E2571364800976C85 /* EditModalComponent.swift */,
				2EF1F000256D8BCD00BE0644 /* GeneralCombatView.swift */,
				92E87DD7257E79C400A85E6B /* GroupAttackView.swift */,
				926E0C20257FA39A009B0584 /* GroupItemsView.swift */,
				9227B5C2256F00F600399CCB /* GroupPointsView.swift */,
				9237DFE0256D958400EEAE80 /* GroupStatesView.swift */,
				2EF1EFF6256D457A00BE0644 /* HeaderButtons.swift */,
				2EF1EFE2256D34AC00BE0644 /* IllustrationView.swift */,
				9227B5C7256F010B00399CCB /* IndvPointsView.swift */,
				9237DFD8256D8B9E00EEAE80 /* IndvStatesView.swift */,
				2EF1EFFB256D8A0A00BE0644 /* InfoView.swift */,
				0040D1FE257DC00700BD35D3 /* ItemCardView.swift */,
				2E7F67D72577BB0600976C85 /* ProfileComponent.swift */,
			);
			path = Components;
			sourceTree = "<group>";
		};
		2EF1EF442567F84500BE0644 /* Frameworks */ = {
			isa = PBXGroup;
			children = (
				2EF1EF452567F84500BE0644 /* CloudKit.framework */,
			);
			name = Frameworks;
			sourceTree = "<group>";
		};
		2EF1EF5225680E6100BE0644 /* Fonts */ = {
			isa = PBXGroup;
			children = (
				2EF1EF5F25680FE500BE0644 /* JosefinSans-Bold.ttf */,
				2EF1EF5625680FE500BE0644 /* JosefinSans-BoldItalic.ttf */,
				2EF1EF6025680FE500BE0644 /* JosefinSans-ExtraLight.ttf */,
				2EF1EF5925680FE500BE0644 /* JosefinSans-ExtraLightItalic.ttf */,
				2EF1EF6325680FE500BE0644 /* JosefinSans-Italic.ttf */,
				2EF1EF5725680FE500BE0644 /* JosefinSans-Light.ttf */,
				2EF1EF5E25680FE500BE0644 /* JosefinSans-LightItalic.ttf */,
				2EF1EF5825680FE500BE0644 /* JosefinSans-Medium.ttf */,
				2EF1EF5D25680FE500BE0644 /* JosefinSans-MediumItalic.ttf */,
				2EF1EF6225680FE500BE0644 /* JosefinSans-Regular.ttf */,
				2EF1EF6125680FE500BE0644 /* JosefinSans-SemiBold.ttf */,
				2EF1EF5B25680FE500BE0644 /* JosefinSans-SemiBoldItalic.ttf */,
				2EF1EF5C25680FE500BE0644 /* JosefinSans-Thin.ttf */,
				2EF1EF5A25680FE500BE0644 /* JosefinSans-ThinItalic.ttf */,
			);
			path = Fonts;
			sourceTree = "<group>";
		};
		2EF1EF972569A19200BE0644 /* Alerts */ = {
			isa = PBXGroup;
			children = (
				2EF1EF982569A37200BE0644 /* DiceAlert.swift */,
			);
			path = Alerts;
			sourceTree = "<group>";
		};
		2EF1F027256EFC5A00BE0644 /* Recovered References */ = {
			isa = PBXGroup;
			children = (
			);
			name = "Recovered References";
			sourceTree = "<group>";
		};
/* End PBXGroup section */

/* Begin PBXNativeTarget section */
		2EF1EECF2567EDE300BE0644 /* DeepSheet */ = {
			isa = PBXNativeTarget;
			buildConfigurationList = 2EF1EEFD2567EDE400BE0644 /* Build configuration list for PBXNativeTarget "DeepSheet" */;
			buildPhases = (
				2EF1EECC2567EDE300BE0644 /* Sources */,
				2EF1EECD2567EDE300BE0644 /* Frameworks */,
				2EF1EECE2567EDE300BE0644 /* Resources */,
				2EF1EF182567F1A500BE0644 /* ShellScript */,
			);
			buildRules = (
			);
			dependencies = (
			);
			name = DeepSheet;
			productName = DeepSheet;
			productReference = 2EF1EED02567EDE300BE0644 /* DeepSheet.app */;
			productType = "com.apple.product-type.application";
		};
		2EF1EEE82567EDE400BE0644 /* DeepSheetTests */ = {
			isa = PBXNativeTarget;
			buildConfigurationList = 2EF1EF002567EDE400BE0644 /* Build configuration list for PBXNativeTarget "DeepSheetTests" */;
			buildPhases = (
				2EF1EEE52567EDE400BE0644 /* Sources */,
				2EF1EEE62567EDE400BE0644 /* Frameworks */,
				2EF1EEE72567EDE400BE0644 /* Resources */,
			);
			buildRules = (
			);
			dependencies = (
				2EF1EEEB2567EDE400BE0644 /* PBXTargetDependency */,
			);
			name = DeepSheetTests;
			productName = DeepSheetTests;
			productReference = 2EF1EEE92567EDE400BE0644 /* DeepSheetTests.xctest */;
			productType = "com.apple.product-type.bundle.unit-test";
		};
		2EF1EEF32567EDE400BE0644 /* DeepSheetUITests */ = {
			isa = PBXNativeTarget;
			buildConfigurationList = 2EF1EF032567EDE400BE0644 /* Build configuration list for PBXNativeTarget "DeepSheetUITests" */;
			buildPhases = (
				2EF1EEF02567EDE400BE0644 /* Sources */,
				2EF1EEF12567EDE400BE0644 /* Frameworks */,
				2EF1EEF22567EDE400BE0644 /* Resources */,
			);
			buildRules = (
			);
			dependencies = (
				2EF1EEF62567EDE400BE0644 /* PBXTargetDependency */,
			);
			name = DeepSheetUITests;
			productName = DeepSheetUITests;
			productReference = 2EF1EEF42567EDE400BE0644 /* DeepSheetUITests.xctest */;
			productType = "com.apple.product-type.bundle.ui-testing";
		};
/* End PBXNativeTarget section */

/* Begin PBXProject section */
		2EF1EEC82567EDE300BE0644 /* Project object */ = {
			isa = PBXProject;
			attributes = {
				LastSwiftUpdateCheck = 1220;
				LastUpgradeCheck = 1220;
				TargetAttributes = {
					2EF1EECF2567EDE300BE0644 = {
						CreatedOnToolsVersion = 12.2;
					};
					2EF1EEE82567EDE400BE0644 = {
						CreatedOnToolsVersion = 12.2;
						TestTargetID = 2EF1EECF2567EDE300BE0644;
					};
					2EF1EEF32567EDE400BE0644 = {
						CreatedOnToolsVersion = 12.2;
						TestTargetID = 2EF1EECF2567EDE300BE0644;
					};
				};
			};
			buildConfigurationList = 2EF1EECB2567EDE300BE0644 /* Build configuration list for PBXProject "DeepSheet" */;
			compatibilityVersion = "Xcode 9.3";
			developmentRegion = en;
			hasScannedForEncodings = 0;
			knownRegions = (
				en,
				Base,
			);
			mainGroup = 2EF1EEC72567EDE300BE0644;
			productRefGroup = 2EF1EED12567EDE300BE0644 /* Products */;
			projectDirPath = "";
			projectRoot = "";
			targets = (
				2EF1EECF2567EDE300BE0644 /* DeepSheet */,
				2EF1EEE82567EDE400BE0644 /* DeepSheetTests */,
				2EF1EEF32567EDE400BE0644 /* DeepSheetUITests */,
			);
		};
/* End PBXProject section */

/* Begin PBXResourcesBuildPhase section */
		2EF1EECE2567EDE300BE0644 /* Resources */ = {
			isa = PBXResourcesBuildPhase;
			buildActionMask = 2147483647;
			files = (
				2EF1EF7C25680FE500BE0644 /* JosefinSans-LightItalic.ttf in Resources */,
				2EF1EF8225680FE500BE0644 /* JosefinSans-ExtraLight.ttf in Resources */,
				2EF1EF362567F6E400BE0644 /* .gitignore in Resources */,
				2EF1EF8825680FE500BE0644 /* JosefinSans-Regular.ttf in Resources */,
				2EF1EF8525680FE500BE0644 /* JosefinSans-SemiBold.ttf in Resources */,
				2EF1EF7325680FE500BE0644 /* JosefinSans-SemiBoldItalic.ttf in Resources */,
				2EF1EF142567F13500BE0644 /* .swiftlint.yml in Resources */,
				2EF1EF7025680FE500BE0644 /* JosefinSans-ThinItalic.ttf in Resources */,
				2EF1EF8B25680FE500BE0644 /* JosefinSans-Italic.ttf in Resources */,
				2EF1EF6425680FE500BE0644 /* JosefinSans-BoldItalic.ttf in Resources */,
				2EF1EF6725680FE500BE0644 /* JosefinSans-Light.ttf in Resources */,
				2EF1EF7625680FE500BE0644 /* JosefinSans-Thin.ttf in Resources */,
				2EF1EF7925680FE500BE0644 /* JosefinSans-MediumItalic.ttf in Resources */,
				2EF1EF6D25680FE500BE0644 /* JosefinSans-ExtraLightItalic.ttf in Resources */,
				2EF1EF6A25680FE500BE0644 /* JosefinSans-Medium.ttf in Resources */,
				2EF1EEE32567EDE400BE0644 /* LaunchScreen.storyboard in Resources */,
				2EF1EEE02567EDE400BE0644 /* Assets.xcassets in Resources */,
				2EF1EF7F25680FE500BE0644 /* JosefinSans-Bold.ttf in Resources */,
			);
			runOnlyForDeploymentPostprocessing = 0;
		};
		2EF1EEE72567EDE400BE0644 /* Resources */ = {
			isa = PBXResourcesBuildPhase;
			buildActionMask = 2147483647;
			files = (
				2EF1EF6E25680FE500BE0644 /* JosefinSans-ExtraLightItalic.ttf in Resources */,
				2EF1EF7D25680FE500BE0644 /* JosefinSans-LightItalic.ttf in Resources */,
				2EF1EF6525680FE500BE0644 /* JosefinSans-BoldItalic.ttf in Resources */,
				2EF1EF6825680FE500BE0644 /* JosefinSans-Light.ttf in Resources */,
				2EF1EF8C25680FE500BE0644 /* JosefinSans-Italic.ttf in Resources */,
				2EF1EF7725680FE500BE0644 /* JosefinSans-Thin.ttf in Resources */,
				2EF1EF7425680FE500BE0644 /* JosefinSans-SemiBoldItalic.ttf in Resources */,
				2EF1EF8325680FE500BE0644 /* JosefinSans-ExtraLight.ttf in Resources */,
				2EF1EF8625680FE500BE0644 /* JosefinSans-SemiBold.ttf in Resources */,
				2EF1EF6B25680FE500BE0644 /* JosefinSans-Medium.ttf in Resources */,
				2EF1EF7125680FE500BE0644 /* JosefinSans-ThinItalic.ttf in Resources */,
				2EF1EF7A25680FE500BE0644 /* JosefinSans-MediumItalic.ttf in Resources */,
				2EF1EF8025680FE500BE0644 /* JosefinSans-Bold.ttf in Resources */,
				2EF1EF8925680FE500BE0644 /* JosefinSans-Regular.ttf in Resources */,
			);
			runOnlyForDeploymentPostprocessing = 0;
		};
		2EF1EEF22567EDE400BE0644 /* Resources */ = {
			isa = PBXResourcesBuildPhase;
			buildActionMask = 2147483647;
			files = (
				2EF1EF6F25680FE500BE0644 /* JosefinSans-ExtraLightItalic.ttf in Resources */,
				2EF1EF7E25680FE500BE0644 /* JosefinSans-LightItalic.ttf in Resources */,
				2EF1EF6625680FE500BE0644 /* JosefinSans-BoldItalic.ttf in Resources */,
				2EF1EF6925680FE500BE0644 /* JosefinSans-Light.ttf in Resources */,
				2EF1EF8D25680FE500BE0644 /* JosefinSans-Italic.ttf in Resources */,
				2EF1EF7825680FE500BE0644 /* JosefinSans-Thin.ttf in Resources */,
				2EF1EF7525680FE500BE0644 /* JosefinSans-SemiBoldItalic.ttf in Resources */,
				2EF1EF8425680FE500BE0644 /* JosefinSans-ExtraLight.ttf in Resources */,
				2EF1EF8725680FE500BE0644 /* JosefinSans-SemiBold.ttf in Resources */,
				2EF1EF6C25680FE500BE0644 /* JosefinSans-Medium.ttf in Resources */,
				2EF1EF7225680FE500BE0644 /* JosefinSans-ThinItalic.ttf in Resources */,
				2EF1EF7B25680FE500BE0644 /* JosefinSans-MediumItalic.ttf in Resources */,
				2EF1EF8125680FE500BE0644 /* JosefinSans-Bold.ttf in Resources */,
				2EF1EF8A25680FE500BE0644 /* JosefinSans-Regular.ttf in Resources */,
			);
			runOnlyForDeploymentPostprocessing = 0;
		};
/* End PBXResourcesBuildPhase section */

/* Begin PBXShellScriptBuildPhase section */
		2EF1EF182567F1A500BE0644 /* ShellScript */ = {
			isa = PBXShellScriptBuildPhase;
			buildActionMask = 2147483647;
			files = (
			);
			inputFileListPaths = (
			);
			inputPaths = (
			);
			outputFileListPaths = (
			);
			outputPaths = (
			);
			runOnlyForDeploymentPostprocessing = 0;
			shellPath = /bin/sh;
			shellScript = "if which swiftlint >/dev/null; then\n  swiftlint\nelse\n  echo \"warning: SwiftLint not installed, download from https://github.com/realm/SwiftLint\"\nfi\n";
		};
/* End PBXShellScriptBuildPhase section */

/* Begin PBXSourcesBuildPhase section */
		2EF1EECC2567EDE300BE0644 /* Sources */ = {
			isa = PBXSourcesBuildPhase;
			buildActionMask = 2147483647;
			files = (
				2EF1F001256D8BCD00BE0644 /* GeneralCombatView.swift in Sources */,
				2EF1F00E256E925100BE0644 /* BioViewController.swift in Sources */,
				5BFC57C7256C379A00B8B232 /* NavigationBarGradient.swift in Sources */,
				2E7F678C25751F6F00976C85 /* NewItemModal.swift in Sources */,
				2EF1EF1D2567F33300BE0644 /* CustomColors.swift in Sources */,
				006C08022580BDCD0068679A /* AspectsPoints+CoreDataClass.swift in Sources */,
				92C011D82580DD540068FB8C /* Attack+CoreDataClass.swift in Sources */,
				5BB9EC7B257E763D006E006E /* BusinessRules.swift in Sources */,
				5BB9EC42257BBECB006E006E /* Investigator+CoreDataClass.swift in Sources */,
				00E630B2256FD95C00D397C0 /* CombatViewController.swift in Sources */,
				2E7F67AA257567A100976C85 /* NewInvestigatorModal.swift in Sources */,
				2E7F67F5257E599A00976C85 /* Historic+CoreDataClass.swift in Sources */,
				2E7F677F2571364800976C85 /* EditModalComponent.swift in Sources */,
				92CB88E3256FE34400B94B15 /* AspectsPresenter.swift in Sources */,
				2EF1EFE3256D34AC00BE0644 /* IllustrationView.swift in Sources */,
				5BB9EC61257BC29D006E006E /* InvestigatorPresenter.swift in Sources */,
				2E7F67772570570D00976C85 /* ProfileViewController.swift in Sources */,
				5BFC57D7256D303000B8B232 /* SkillTableViewCell.swift in Sources */,
				2E7F6791257524A000976C85 /* EditItemModal.swift in Sources */,
				2E7F679B2575282200976C85 /* EditWeaponModal.swift in Sources */,
				5BFC57C7256C379A00B8B232 /* NavigationBarGradient.swift in Sources */,
				2EF1EF1D2567F33300BE0644 /* CustomColors.swift in Sources */,
				5BFC57CC256D2CAE00B8B232 /* SkillsTableViewController.swift in Sources */,
				2E7F67A525753BBB00976C85 /* EditHistoricModal.swift in Sources */,
				006C08002580BDCD0068679A /* AspectsStates+CoreDataClass.swift in Sources */,
				2EF1EEDE2567EDE300BE0644 /* DeepSheet.xcdatamodeld in Sources */,
				2EF1EF2B2567F3CA00BE0644 /* AttributesView.swift in Sources */,
				2E7F67CD257685DE00976C85 /* InvestigatorCollectionViewCell.swift in Sources */,
				2E7F67E6257BB9E100976C85 /* EditSkillModal.swift in Sources */,
				2E7F680A257E626800976C85 /* HistoricPresenter.swift in Sources */,
				92C011E82580EA760068FB8C /* GeneralCombat+CoreDataClass.swift in Sources */,
				00E630AA256FD73D00D397C0 /* AdditionCardView.swift in Sources */,
				5BB9EC37257BB4D8006E006E /* SkillEnum.swift in Sources */,
				92CB88E8256FE5D800B94B15 /* CombatDiceDelegate.swift in Sources */,
				9237DFD9256D8B9E00EEAE80 /* IndvStatesView.swift in Sources */,
				006C080E2580F5A50068679A /* Aspects+CoreDataClass.swift in Sources */,
				2EF1EF232567F3A700BE0644 /* CharacteristicView.swift in Sources */,
				92CA9AA4256EF40600CF67D7 /* TabBarViewController.swift in Sources */,
				5BFC58092571328500B8B232 /* InvestigatorsCollectionViewController.swift in Sources */,
				926E0C21257FA39A009B0584 /* GroupItemsView.swift in Sources */,
				2E7F67D82577BB0600976C85 /* ProfileComponent.swift in Sources */,
				2EF1EED42567EDE300BE0644 /* AppDelegate.swift in Sources */,
				0040D1FF257DC00700BD35D3 /* ItemCardView.swift in Sources */,
				9211A3B2257FC63E00ADBB8A /* Item+CoreDataClass.swift in Sources */,
				92E38744256EA21D0016D072 /* AspectsViewController.swift in Sources */,
				2E7F6818257E9DC800976C85 /* ProfilePresenter.swift in Sources */,
				9227B5C3256F00F600399CCB /* GroupPointsView.swift in Sources */,
				9211A3BB257FC6F600ADBB8A /* CombatPresenter.swift in Sources */,
				00E630BA256FDB4800D397C0 /* DashedBorder.swift in Sources */,
				92D3ABB0256D45A400C49FAB /* CustomImages.swift in Sources */,
				5BFC57FE2571228200B8B232 /* SearchBar.swift in Sources */,
				2EF1EFF7256D457A00BE0644 /* HeaderButtons.swift in Sources */,
				2EF1EED62567EDE300BE0644 /* SceneDelegate.swift in Sources */,
				5BB9EC89257FB273006E006E /* ShakeView.swift in Sources */,
				2EF1EF992569A37200BE0644 /* DiceAlert.swift in Sources */,
				2E7F67962575256700976C85 /* NewWeaponModal.swift in Sources */,
				2EF1EFD2256BF98100BE0644 /* LocalizedStrings.swift in Sources */,
				9227B5C8256F010C00399CCB /* IndvPointsView.swift in Sources */,
				5BB9EC32257AAC7D006E006E /* SkillsPresenter.swift in Sources */,
				2E7F6821257E9F8100976C85 /* Profile+CoreDataClass.swift in Sources */,
				006C08042580BDCD0068679A /* AspectsAttributes+CoreDataClass.swift in Sources */,
				2E7F67872575195400976C85 /* EditCombatModal.swift in Sources */,
				2E7F676F2570556200976C85 /* EditProfileModal.swift in Sources */,
				92E3873F256E88950016D072 /* CustomViewController.swift in Sources */,
				2EF1EFFC256D8A0A00BE0644 /* InfoView.swift in Sources */,
				2E7F67A025752D8500976C85 /* NewSkillModal.swift in Sources */,
				92D3ABB0256D45A400C49FAB /* CustomImages.swift in Sources */,
				92876D402577BCB40071BFE7 /* AttackCardView.swift in Sources */,
				9237DFE1256D958400EEAE80 /* GroupStatesView.swift in Sources */,
				2EF1EFA4256BDC5A00BE0644 /* CustomFonts.swift in Sources */,
				92E87DD8257E79C400A85E6B /* GroupAttackView.swift in Sources */,
				5BB9EC1B257AA522006E006E /* Skill+CoreDataClass.swift in Sources */,
			);
			runOnlyForDeploymentPostprocessing = 0;
		};
		2EF1EEE52567EDE400BE0644 /* Sources */ = {
			isa = PBXSourcesBuildPhase;
			buildActionMask = 2147483647;
			files = (
				2EF1EEEE2567EDE400BE0644 /* DeepSheetTests.swift in Sources */,
			);
			runOnlyForDeploymentPostprocessing = 0;
		};
		2EF1EEF02567EDE400BE0644 /* Sources */ = {
			isa = PBXSourcesBuildPhase;
			buildActionMask = 2147483647;
			files = (
				2EF1EEF92567EDE400BE0644 /* DeepSheetUITests.swift in Sources */,
			);
			runOnlyForDeploymentPostprocessing = 0;
		};
/* End PBXSourcesBuildPhase section */

/* Begin PBXTargetDependency section */
		2EF1EEEB2567EDE400BE0644 /* PBXTargetDependency */ = {
			isa = PBXTargetDependency;
			target = 2EF1EECF2567EDE300BE0644 /* DeepSheet */;
			targetProxy = 2EF1EEEA2567EDE400BE0644 /* PBXContainerItemProxy */;
		};
		2EF1EEF62567EDE400BE0644 /* PBXTargetDependency */ = {
			isa = PBXTargetDependency;
			target = 2EF1EECF2567EDE300BE0644 /* DeepSheet */;
			targetProxy = 2EF1EEF52567EDE400BE0644 /* PBXContainerItemProxy */;
		};
/* End PBXTargetDependency section */

/* Begin PBXVariantGroup section */
		2EF1EEE12567EDE400BE0644 /* LaunchScreen.storyboard */ = {
			isa = PBXVariantGroup;
			children = (
				2EF1EEE22567EDE400BE0644 /* Base */,
			);
			name = LaunchScreen.storyboard;
			sourceTree = "<group>";
		};
/* End PBXVariantGroup section */

/* Begin XCBuildConfiguration section */
		2EF1EEFB2567EDE400BE0644 /* Debug */ = {
			isa = XCBuildConfiguration;
			buildSettings = {
				ALWAYS_SEARCH_USER_PATHS = NO;
				CLANG_ANALYZER_NONNULL = YES;
				CLANG_ANALYZER_NUMBER_OBJECT_CONVERSION = YES_AGGRESSIVE;
				CLANG_CXX_LANGUAGE_STANDARD = "gnu++14";
				CLANG_CXX_LIBRARY = "libc++";
				CLANG_ENABLE_MODULES = YES;
				CLANG_ENABLE_OBJC_ARC = YES;
				CLANG_ENABLE_OBJC_WEAK = YES;
				CLANG_WARN_BLOCK_CAPTURE_AUTORELEASING = YES;
				CLANG_WARN_BOOL_CONVERSION = YES;
				CLANG_WARN_COMMA = YES;
				CLANG_WARN_CONSTANT_CONVERSION = YES;
				CLANG_WARN_DEPRECATED_OBJC_IMPLEMENTATIONS = YES;
				CLANG_WARN_DIRECT_OBJC_ISA_USAGE = YES_ERROR;
				CLANG_WARN_DOCUMENTATION_COMMENTS = YES;
				CLANG_WARN_EMPTY_BODY = YES;
				CLANG_WARN_ENUM_CONVERSION = YES;
				CLANG_WARN_INFINITE_RECURSION = YES;
				CLANG_WARN_INT_CONVERSION = YES;
				CLANG_WARN_NON_LITERAL_NULL_CONVERSION = YES;
				CLANG_WARN_OBJC_IMPLICIT_RETAIN_SELF = YES;
				CLANG_WARN_OBJC_LITERAL_CONVERSION = YES;
				CLANG_WARN_OBJC_ROOT_CLASS = YES_ERROR;
				CLANG_WARN_QUOTED_INCLUDE_IN_FRAMEWORK_HEADER = YES;
				CLANG_WARN_RANGE_LOOP_ANALYSIS = YES;
				CLANG_WARN_STRICT_PROTOTYPES = YES;
				CLANG_WARN_SUSPICIOUS_MOVE = YES;
				CLANG_WARN_UNGUARDED_AVAILABILITY = YES_AGGRESSIVE;
				CLANG_WARN_UNREACHABLE_CODE = YES;
				CLANG_WARN__DUPLICATE_METHOD_MATCH = YES;
				COPY_PHASE_STRIP = NO;
				DEBUG_INFORMATION_FORMAT = dwarf;
				ENABLE_STRICT_OBJC_MSGSEND = YES;
				ENABLE_TESTABILITY = YES;
				GCC_C_LANGUAGE_STANDARD = gnu11;
				GCC_DYNAMIC_NO_PIC = NO;
				GCC_NO_COMMON_BLOCKS = YES;
				GCC_OPTIMIZATION_LEVEL = 0;
				GCC_PREPROCESSOR_DEFINITIONS = (
					"DEBUG=1",
					"$(inherited)",
				);
				GCC_WARN_64_TO_32_BIT_CONVERSION = YES;
				GCC_WARN_ABOUT_RETURN_TYPE = YES_ERROR;
				GCC_WARN_UNDECLARED_SELECTOR = YES;
				GCC_WARN_UNINITIALIZED_AUTOS = YES_AGGRESSIVE;
				GCC_WARN_UNUSED_FUNCTION = YES;
				GCC_WARN_UNUSED_VARIABLE = YES;
				IPHONEOS_DEPLOYMENT_TARGET = 14.2;
				MTL_ENABLE_DEBUG_INFO = INCLUDE_SOURCE;
				MTL_FAST_MATH = YES;
				ONLY_ACTIVE_ARCH = YES;
				SDKROOT = iphoneos;
				SWIFT_ACTIVE_COMPILATION_CONDITIONS = DEBUG;
				SWIFT_OPTIMIZATION_LEVEL = "-Onone";
			};
			name = Debug;
		};
		2EF1EEFC2567EDE400BE0644 /* Release */ = {
			isa = XCBuildConfiguration;
			buildSettings = {
				ALWAYS_SEARCH_USER_PATHS = NO;
				CLANG_ANALYZER_NONNULL = YES;
				CLANG_ANALYZER_NUMBER_OBJECT_CONVERSION = YES_AGGRESSIVE;
				CLANG_CXX_LANGUAGE_STANDARD = "gnu++14";
				CLANG_CXX_LIBRARY = "libc++";
				CLANG_ENABLE_MODULES = YES;
				CLANG_ENABLE_OBJC_ARC = YES;
				CLANG_ENABLE_OBJC_WEAK = YES;
				CLANG_WARN_BLOCK_CAPTURE_AUTORELEASING = YES;
				CLANG_WARN_BOOL_CONVERSION = YES;
				CLANG_WARN_COMMA = YES;
				CLANG_WARN_CONSTANT_CONVERSION = YES;
				CLANG_WARN_DEPRECATED_OBJC_IMPLEMENTATIONS = YES;
				CLANG_WARN_DIRECT_OBJC_ISA_USAGE = YES_ERROR;
				CLANG_WARN_DOCUMENTATION_COMMENTS = YES;
				CLANG_WARN_EMPTY_BODY = YES;
				CLANG_WARN_ENUM_CONVERSION = YES;
				CLANG_WARN_INFINITE_RECURSION = YES;
				CLANG_WARN_INT_CONVERSION = YES;
				CLANG_WARN_NON_LITERAL_NULL_CONVERSION = YES;
				CLANG_WARN_OBJC_IMPLICIT_RETAIN_SELF = YES;
				CLANG_WARN_OBJC_LITERAL_CONVERSION = YES;
				CLANG_WARN_OBJC_ROOT_CLASS = YES_ERROR;
				CLANG_WARN_QUOTED_INCLUDE_IN_FRAMEWORK_HEADER = YES;
				CLANG_WARN_RANGE_LOOP_ANALYSIS = YES;
				CLANG_WARN_STRICT_PROTOTYPES = YES;
				CLANG_WARN_SUSPICIOUS_MOVE = YES;
				CLANG_WARN_UNGUARDED_AVAILABILITY = YES_AGGRESSIVE;
				CLANG_WARN_UNREACHABLE_CODE = YES;
				CLANG_WARN__DUPLICATE_METHOD_MATCH = YES;
				COPY_PHASE_STRIP = NO;
				DEBUG_INFORMATION_FORMAT = "dwarf-with-dsym";
				ENABLE_NS_ASSERTIONS = NO;
				ENABLE_STRICT_OBJC_MSGSEND = YES;
				GCC_C_LANGUAGE_STANDARD = gnu11;
				GCC_NO_COMMON_BLOCKS = YES;
				GCC_WARN_64_TO_32_BIT_CONVERSION = YES;
				GCC_WARN_ABOUT_RETURN_TYPE = YES_ERROR;
				GCC_WARN_UNDECLARED_SELECTOR = YES;
				GCC_WARN_UNINITIALIZED_AUTOS = YES_AGGRESSIVE;
				GCC_WARN_UNUSED_FUNCTION = YES;
				GCC_WARN_UNUSED_VARIABLE = YES;
				IPHONEOS_DEPLOYMENT_TARGET = 14.2;
				MTL_ENABLE_DEBUG_INFO = NO;
				MTL_FAST_MATH = YES;
				SDKROOT = iphoneos;
				SWIFT_COMPILATION_MODE = wholemodule;
				SWIFT_OPTIMIZATION_LEVEL = "-O";
				VALIDATE_PRODUCT = YES;
			};
			name = Release;
		};
		2EF1EEFE2567EDE400BE0644 /* Debug */ = {
			isa = XCBuildConfiguration;
			buildSettings = {
				ASSETCATALOG_COMPILER_APPICON_NAME = AppIcon;
				ASSETCATALOG_COMPILER_GLOBAL_ACCENT_COLOR_NAME = AccentColor;
				CODE_SIGN_ENTITLEMENTS = DeepSheet/DeepSheet.entitlements;
				CODE_SIGN_STYLE = Automatic;
				DEVELOPMENT_TEAM = 795A25396T;
				INFOPLIST_FILE = DeepSheet/Info.plist;
				LD_RUNPATH_SEARCH_PATHS = (
					"$(inherited)",
					"@executable_path/Frameworks",
				);
				PRODUCT_BUNDLE_IDENTIFIER = academy.DeepSheet;
				PRODUCT_NAME = "$(TARGET_NAME)";
				SWIFT_VERSION = 5.0;
				TARGETED_DEVICE_FAMILY = "1,2";
			};
			name = Debug;
		};
		2EF1EEFF2567EDE400BE0644 /* Release */ = {
			isa = XCBuildConfiguration;
			buildSettings = {
				ASSETCATALOG_COMPILER_APPICON_NAME = AppIcon;
				ASSETCATALOG_COMPILER_GLOBAL_ACCENT_COLOR_NAME = AccentColor;
				CODE_SIGN_ENTITLEMENTS = DeepSheet/DeepSheet.entitlements;
				CODE_SIGN_STYLE = Automatic;
				DEVELOPMENT_TEAM = 795A25396T;
				INFOPLIST_FILE = DeepSheet/Info.plist;
				LD_RUNPATH_SEARCH_PATHS = (
					"$(inherited)",
					"@executable_path/Frameworks",
				);
				PRODUCT_BUNDLE_IDENTIFIER = academy.DeepSheet;
				PRODUCT_NAME = "$(TARGET_NAME)";
				SWIFT_VERSION = 5.0;
				TARGETED_DEVICE_FAMILY = "1,2";
			};
			name = Release;
		};
		2EF1EF012567EDE400BE0644 /* Debug */ = {
			isa = XCBuildConfiguration;
			buildSettings = {
				ALWAYS_EMBED_SWIFT_STANDARD_LIBRARIES = YES;
				BUNDLE_LOADER = "$(TEST_HOST)";
				CODE_SIGN_STYLE = Automatic;
				DEVELOPMENT_TEAM = P3PDP2RPN7;
				INFOPLIST_FILE = DeepSheetTests/Info.plist;
				IPHONEOS_DEPLOYMENT_TARGET = 14.2;
				LD_RUNPATH_SEARCH_PATHS = (
					"$(inherited)",
					"@executable_path/Frameworks",
					"@loader_path/Frameworks",
				);
				PRODUCT_BUNDLE_IDENTIFIER = eduardoliveira.DeepSheetTests;
				PRODUCT_NAME = "$(TARGET_NAME)";
				SWIFT_VERSION = 5.0;
				TARGETED_DEVICE_FAMILY = "1,2";
				TEST_HOST = "$(BUILT_PRODUCTS_DIR)/DeepSheet.app/DeepSheet";
			};
			name = Debug;
		};
		2EF1EF022567EDE400BE0644 /* Release */ = {
			isa = XCBuildConfiguration;
			buildSettings = {
				ALWAYS_EMBED_SWIFT_STANDARD_LIBRARIES = YES;
				BUNDLE_LOADER = "$(TEST_HOST)";
				CODE_SIGN_STYLE = Automatic;
				DEVELOPMENT_TEAM = P3PDP2RPN7;
				INFOPLIST_FILE = DeepSheetTests/Info.plist;
				IPHONEOS_DEPLOYMENT_TARGET = 14.2;
				LD_RUNPATH_SEARCH_PATHS = (
					"$(inherited)",
					"@executable_path/Frameworks",
					"@loader_path/Frameworks",
				);
				PRODUCT_BUNDLE_IDENTIFIER = eduardoliveira.DeepSheetTests;
				PRODUCT_NAME = "$(TARGET_NAME)";
				SWIFT_VERSION = 5.0;
				TARGETED_DEVICE_FAMILY = "1,2";
				TEST_HOST = "$(BUILT_PRODUCTS_DIR)/DeepSheet.app/DeepSheet";
			};
			name = Release;
		};
		2EF1EF042567EDE400BE0644 /* Debug */ = {
			isa = XCBuildConfiguration;
			buildSettings = {
				ALWAYS_EMBED_SWIFT_STANDARD_LIBRARIES = YES;
				CODE_SIGN_STYLE = Automatic;
				DEVELOPMENT_TEAM = P3PDP2RPN7;
				INFOPLIST_FILE = DeepSheetUITests/Info.plist;
				LD_RUNPATH_SEARCH_PATHS = (
					"$(inherited)",
					"@executable_path/Frameworks",
					"@loader_path/Frameworks",
				);
				PRODUCT_BUNDLE_IDENTIFIER = eduardoliveira.DeepSheetUITests;
				PRODUCT_NAME = "$(TARGET_NAME)";
				SWIFT_VERSION = 5.0;
				TARGETED_DEVICE_FAMILY = "1,2";
				TEST_TARGET_NAME = DeepSheet;
			};
			name = Debug;
		};
		2EF1EF052567EDE400BE0644 /* Release */ = {
			isa = XCBuildConfiguration;
			buildSettings = {
				ALWAYS_EMBED_SWIFT_STANDARD_LIBRARIES = YES;
				CODE_SIGN_STYLE = Automatic;
				DEVELOPMENT_TEAM = P3PDP2RPN7;
				INFOPLIST_FILE = DeepSheetUITests/Info.plist;
				LD_RUNPATH_SEARCH_PATHS = (
					"$(inherited)",
					"@executable_path/Frameworks",
					"@loader_path/Frameworks",
				);
				PRODUCT_BUNDLE_IDENTIFIER = eduardoliveira.DeepSheetUITests;
				PRODUCT_NAME = "$(TARGET_NAME)";
				SWIFT_VERSION = 5.0;
				TARGETED_DEVICE_FAMILY = "1,2";
				TEST_TARGET_NAME = DeepSheet;
			};
			name = Release;
		};
/* End XCBuildConfiguration section */

/* Begin XCConfigurationList section */
		2EF1EECB2567EDE300BE0644 /* Build configuration list for PBXProject "DeepSheet" */ = {
			isa = XCConfigurationList;
			buildConfigurations = (
				2EF1EEFB2567EDE400BE0644 /* Debug */,
				2EF1EEFC2567EDE400BE0644 /* Release */,
			);
			defaultConfigurationIsVisible = 0;
			defaultConfigurationName = Release;
		};
		2EF1EEFD2567EDE400BE0644 /* Build configuration list for PBXNativeTarget "DeepSheet" */ = {
			isa = XCConfigurationList;
			buildConfigurations = (
				2EF1EEFE2567EDE400BE0644 /* Debug */,
				2EF1EEFF2567EDE400BE0644 /* Release */,
			);
			defaultConfigurationIsVisible = 0;
			defaultConfigurationName = Release;
		};
		2EF1EF002567EDE400BE0644 /* Build configuration list for PBXNativeTarget "DeepSheetTests" */ = {
			isa = XCConfigurationList;
			buildConfigurations = (
				2EF1EF012567EDE400BE0644 /* Debug */,
				2EF1EF022567EDE400BE0644 /* Release */,
			);
			defaultConfigurationIsVisible = 0;
			defaultConfigurationName = Release;
		};
		2EF1EF032567EDE400BE0644 /* Build configuration list for PBXNativeTarget "DeepSheetUITests" */ = {
			isa = XCConfigurationList;
			buildConfigurations = (
				2EF1EF042567EDE400BE0644 /* Debug */,
				2EF1EF052567EDE400BE0644 /* Release */,
			);
			defaultConfigurationIsVisible = 0;
			defaultConfigurationName = Release;
		};
/* End XCConfigurationList section */

/* Begin XCVersionGroup section */
		2EF1EEDC2567EDE300BE0644 /* DeepSheet.xcdatamodeld */ = {
			isa = XCVersionGroup;
			children = (
				2EF1EEDD2567EDE300BE0644 /* DeepSheet.xcdatamodel */,
			);
			currentVersion = 2EF1EEDD2567EDE300BE0644 /* DeepSheet.xcdatamodel */;
			path = DeepSheet.xcdatamodeld;
			sourceTree = "<group>";
			versionGroupType = wrapper.xcdatamodel;
		};
/* End XCVersionGroup section */
	};
	rootObject = 2EF1EEC82567EDE300BE0644 /* Project object */;
}
